
Microsoft Visual Studio Solution File, Format Version 12.00
# Visual Studio 15
VisualStudioVersion = 15.0.27130.2003
MinimumVisualStudioVersion = 10.0.40219.1
Project("{9A19103F-16F7-4668-BE54-9A1E7A4F7556}") = "SplashSharp", "SplashSharp\SplashSharp.csproj", "{328EFB94-2542-4DF0-887D-79D021236A5A}"
EndProject
Project("{FAE04EC0-301F-11D3-BF4B-00C04F79EFBC}") = "SplashSharp.Tests", "SplashSharp.Tests\SplashSharp.Tests.csproj", "{54FF3798-8E02-4A43-A25D-28E9B831B2EB}"
EndProject
Global
	GlobalSection(SolutionConfigurationPlatforms) = preSolution
		Debug|Any CPU = Debug|Any CPU
		Release|Any CPU = Release|Any CPU
	EndGlobalSection
	GlobalSection(ProjectConfigurationPlatforms) = postSolution
		{328EFB94-2542-4DF0-887D-79D021236A5A}.Debug|Any CPU.ActiveCfg = Debug|Any CPU
		{328EFB94-2542-4DF0-887D-79D021236A5A}.Debug|Any CPU.Build.0 = Debug|Any CPU
		{328EFB94-2542-4DF0-887D-79D021236A5A}.Release|Any CPU.ActiveCfg = Release|Any CPU
		{328EFB94-2542-4DF0-887D-79D021236A5A}.Release|Any CPU.Build.0 = Release|Any CPU
		{54FF3798-8E02-4A43-A25D-28E9B831B2EB}.Debug|Any CPU.ActiveCfg = Debug|Any CPU
		{54FF3798-8E02-4A43-A25D-28E9B831B2EB}.Debug|Any CPU.Build.0 = Debug|Any CPU
		{54FF3798-8E02-4A43-A25D-28E9B831B2EB}.Release|Any CPU.ActiveCfg = Release|Any CPU
		{54FF3798-8E02-4A43-A25D-28E9B831B2EB}.Release|Any CPU.Build.0 = Release|Any CPU
	EndGlobalSection
	GlobalSection(SolutionProperties) = preSolution
		HideSolutionNode = FALSE
	EndGlobalSection
	GlobalSection(ExtensibilityGlobals) = postSolution
		SolutionGuid = {2B70FD17-6261-4087-9635-D4C444E0F9E4}
	EndGlobalSection
EndGlobal
